
Microsoft Visual Studio Solution File, Format Version 12.00
# Visual Studio Version 17
VisualStudioVersion = 17.6.33829.357
MinimumVisualStudioVersion = 10.0.40219.1
Project("{9A19103F-16F7-4668-BE54-9A1E7A4F7556}") = "NewCommandMerger", "NewCommandMerger.csproj", "{664C7E84-55D3-4962-A2A5-2491CCB614B7}"
EndProject
Global
	GlobalSection(SolutionConfigurationPlatforms) = preSolution
		Debug|Any CPU = Debug|Any CPU
		Release|Any CPU = Release|Any CPU
	EndGlobalSection
	GlobalSection(ProjectConfigurationPlatforms) = postSolution
		{664C7E84-55D3-4962-A2A5-2491CCB614B7}.Debug|Any CPU.ActiveCfg = Debug|Any CPU
		{664C7E84-55D3-4962-A2A5-2491CCB614B7}.Debug|Any CPU.Build.0 = Debug|Any CPU
		{664C7E84-55D3-4962-A2A5-2491CCB614B7}.Release|Any CPU.ActiveCfg = Release|Any CPU
		{664C7E84-55D3-4962-A2A5-2491CCB614B7}.Release|Any CPU.Build.0 = Release|Any CPU
	EndGlobalSection
	GlobalSection(SolutionProperties) = preSolution
		HideSolutionNode = FALSE
	EndGlobalSection
	GlobalSection(ExtensibilityGlobals) = postSolution
		SolutionGuid = {C08EC4C0-C750-4698-B879-D916130E3E21}
	EndGlobalSection
EndGlobal
